
Microsoft Visual Studio Solution File, Format Version 12.00
# Visual Studio Version 17
VisualStudioVersion = 17.4.33122.133
MinimumVisualStudioVersion = 10.0.40219.1
Project("{FAE04EC0-301F-11D3-BF4B-00C04F79EFBC}") = "DataStructureProblems", "DataStructureProblems\DataStructureProblems.csproj", "{FA742C46-4AB8-4FD0-A9CD-4CE9DB9612E7}"
EndProject
Global
	GlobalSection(SolutionConfigurationPlatforms) = preSolution
		Debug|Any CPU = Debug|Any CPU
		Release|Any CPU = Release|Any CPU
	EndGlobalSection
	GlobalSection(ProjectConfigurationPlatforms) = postSolution
		{FA742C46-4AB8-4FD0-A9CD-4CE9DB9612E7}.Debug|Any CPU.ActiveCfg = Debug|Any CPU
		{FA742C46-4AB8-4FD0-A9CD-4CE9DB9612E7}.Debug|Any CPU.Build.0 = Debug|Any CPU
		{FA742C46-4AB8-4FD0-A9CD-4CE9DB9612E7}.Release|Any CPU.ActiveCfg = Release|Any CPU
		{FA742C46-4AB8-4FD0-A9CD-4CE9DB9612E7}.Release|Any CPU.Build.0 = Release|Any CPU
	EndGlobalSection
	GlobalSection(SolutionProperties) = preSolution
		HideSolutionNode = FALSE
	EndGlobalSection
	GlobalSection(ExtensibilityGlobals) = postSolution
		SolutionGuid = {C862DFF2-B844-4692-9D5A-A8A39E2761D2}
	EndGlobalSection
EndGlobal
